// !$*UTF8*$!
{
	archiveVersion = 1;
	classes = {
	};
	objectVersion = 56;
	objects = {

/* Begin PBXBuildFile section */
		20EA561403296E2A4973E6FF /* Pods_Weather_App.framework in Frameworks */ = {isa = PBXBuildFile; fileRef = CD720DF42D049EC1DA027150 /* Pods_Weather_App.framework */; };
		A71CBBE92A2A13C500F33B6E /* Weather_AppApp.swift in Sources */ = {isa = PBXBuildFile; fileRef = A71CBBE82A2A13C500F33B6E /* Weather_AppApp.swift */; };
		A71CBBEB2A2A13C500F33B6E /* ContentView.swift in Sources */ = {isa = PBXBuildFile; fileRef = A71CBBEA2A2A13C500F33B6E /* ContentView.swift */; };
		A71CBBED2A2A13C600F33B6E /* Assets.xcassets in Resources */ = {isa = PBXBuildFile; fileRef = A71CBBEC2A2A13C600F33B6E /* Assets.xcassets */; };
		A71CBBF12A2A13C600F33B6E /* Preview Assets.xcassets in Resources */ = {isa = PBXBuildFile; fileRef = A71CBBF02A2A13C600F33B6E /* Preview Assets.xcassets */; };
		A71CBBFB2A2A13C600F33B6E /* Weather_AppTests.swift in Sources */ = {isa = PBXBuildFile; fileRef = A71CBBFA2A2A13C600F33B6E /* Weather_AppTests.swift */; };
		A71CBC052A2A13C600F33B6E /* Weather_AppUITests.swift in Sources */ = {isa = PBXBuildFile; fileRef = A71CBC042A2A13C600F33B6E /* Weather_AppUITests.swift */; };
		A71CBC072A2A13C600F33B6E /* Weather_AppUITestsLaunchTests.swift in Sources */ = {isa = PBXBuildFile; fileRef = A71CBC062A2A13C600F33B6E /* Weather_AppUITestsLaunchTests.swift */; };
		B09D491287E5D03BA84DFC27 /* Pods_Weather_App_Weather_AppUITests.framework in Frameworks */ = {isa = PBXBuildFile; fileRef = 64C4C21F1E1DF239864C119E /* Pods_Weather_App_Weather_AppUITests.framework */; };
		C58529433086A661D066E222 /* Pods_Weather_AppTests.framework in Frameworks */ = {isa = PBXBuildFile; fileRef = 4EABF3AC2183C9C410807AC6 /* Pods_Weather_AppTests.framework */; };
/* End PBXBuildFile section */

/* Begin PBXContainerItemProxy section */
		A71CBBF72A2A13C600F33B6E /* PBXContainerItemProxy */ = {
			isa = PBXContainerItemProxy;
			containerPortal = A71CBBDD2A2A13C500F33B6E /* Project object */;
			proxyType = 1;
			remoteGlobalIDString = A71CBBE42A2A13C500F33B6E;
			remoteInfo = "Weather-App";
		};
		A71CBC012A2A13C600F33B6E /* PBXContainerItemProxy */ = {
			isa = PBXContainerItemProxy;
			containerPortal = A71CBBDD2A2A13C500F33B6E /* Project object */;
			proxyType = 1;
			remoteGlobalIDString = A71CBBE42A2A13C500F33B6E;
			remoteInfo = "Weather-App";
		};
/* End PBXContainerItemProxy section */

/* Begin PBXFileReference section */
		296D57321A6D70F7B1257042 /* Pods-Weather-App-Weather-AppUITests.release.xcconfig */ = {isa = PBXFileReference; includeInIndex = 1; lastKnownFileType = text.xcconfig; name = "Pods-Weather-App-Weather-AppUITests.release.xcconfig"; path = "Target Support Files/Pods-Weather-App-Weather-AppUITests/Pods-Weather-App-Weather-AppUITests.release.xcconfig"; sourceTree = "<group>"; };
		437C45D591F75040A14A91A4 /* Pods-Weather-App-Weather-AppUITests.debug.xcconfig */ = {isa = PBXFileReference; includeInIndex = 1; lastKnownFileType = text.xcconfig; name = "Pods-Weather-App-Weather-AppUITests.debug.xcconfig"; path = "Target Support Files/Pods-Weather-App-Weather-AppUITests/Pods-Weather-App-Weather-AppUITests.debug.xcconfig"; sourceTree = "<group>"; };
		4EABF3AC2183C9C410807AC6 /* Pods_Weather_AppTests.framework */ = {isa = PBXFileReference; explicitFileType = wrapper.framework; includeInIndex = 0; path = Pods_Weather_AppTests.framework; sourceTree = BUILT_PRODUCTS_DIR; };
		5CB7A0103FB8952B1A021223 /* Pods-Weather-AppTests.release.xcconfig */ = {isa = PBXFileReference; includeInIndex = 1; lastKnownFileType = text.xcconfig; name = "Pods-Weather-AppTests.release.xcconfig"; path = "Target Support Files/Pods-Weather-AppTests/Pods-Weather-AppTests.release.xcconfig"; sourceTree = "<group>"; };
		64C4C21F1E1DF239864C119E /* Pods_Weather_App_Weather_AppUITests.framework */ = {isa = PBXFileReference; explicitFileType = wrapper.framework; includeInIndex = 0; path = Pods_Weather_App_Weather_AppUITests.framework; sourceTree = BUILT_PRODUCTS_DIR; };
		A71324B32A2CF44100EDD779 /* Info.plist */ = {isa = PBXFileReference; lastKnownFileType = text.plist; path = Info.plist; sourceTree = "<group>"; };
		A71CBBE52A2A13C500F33B6E /* Weather-App.app */ = {isa = PBXFileReference; explicitFileType = wrapper.application; includeInIndex = 0; path = "Weather-App.app"; sourceTree = BUILT_PRODUCTS_DIR; };
		A71CBBE82A2A13C500F33B6E /* Weather_AppApp.swift */ = {isa = PBXFileReference; lastKnownFileType = sourcecode.swift; path = Weather_AppApp.swift; sourceTree = "<group>"; };
		A71CBBEA2A2A13C500F33B6E /* ContentView.swift */ = {isa = PBXFileReference; lastKnownFileType = sourcecode.swift; path = ContentView.swift; sourceTree = "<group>"; };
		A71CBBEC2A2A13C600F33B6E /* Assets.xcassets */ = {isa = PBXFileReference; lastKnownFileType = folder.assetcatalog; path = Assets.xcassets; sourceTree = "<group>"; };
		A71CBBEE2A2A13C600F33B6E /* Weather_App.entitlements */ = {isa = PBXFileReference; lastKnownFileType = text.plist.entitlements; path = Weather_App.entitlements; sourceTree = "<group>"; };
		A71CBBF02A2A13C600F33B6E /* Preview Assets.xcassets */ = {isa = PBXFileReference; lastKnownFileType = folder.assetcatalog; path = "Preview Assets.xcassets"; sourceTree = "<group>"; };
		A71CBBF62A2A13C600F33B6E /* Weather-AppTests.xctest */ = {isa = PBXFileReference; explicitFileType = wrapper.cfbundle; includeInIndex = 0; path = "Weather-AppTests.xctest"; sourceTree = BUILT_PRODUCTS_DIR; };
		A71CBBFA2A2A13C600F33B6E /* Weather_AppTests.swift */ = {isa = PBXFileReference; lastKnownFileType = sourcecode.swift; path = Weather_AppTests.swift; sourceTree = "<group>"; };
		A71CBC002A2A13C600F33B6E /* Weather-AppUITests.xctest */ = {isa = PBXFileReference; explicitFileType = wrapper.cfbundle; includeInIndex = 0; path = "Weather-AppUITests.xctest"; sourceTree = BUILT_PRODUCTS_DIR; };
		A71CBC042A2A13C600F33B6E /* Weather_AppUITests.swift */ = {isa = PBXFileReference; lastKnownFileType = sourcecode.swift; path = Weather_AppUITests.swift; sourceTree = "<group>"; };
		A71CBC062A2A13C600F33B6E /* Weather_AppUITestsLaunchTests.swift */ = {isa = PBXFileReference; lastKnownFileType = sourcecode.swift; path = Weather_AppUITestsLaunchTests.swift; sourceTree = "<group>"; };
		CD720DF42D049EC1DA027150 /* Pods_Weather_App.framework */ = {isa = PBXFileReference; explicitFileType = wrapper.framework; includeInIndex = 0; path = Pods_Weather_App.framework; sourceTree = BUILT_PRODUCTS_DIR; };
		CFD8F232BFF0DAFB4CD1711B /* Pods-Weather-App.debug.xcconfig */ = {isa = PBXFileReference; includeInIndex = 1; lastKnownFileType = text.xcconfig; name = "Pods-Weather-App.debug.xcconfig"; path = "Target Support Files/Pods-Weather-App/Pods-Weather-App.debug.xcconfig"; sourceTree = "<group>"; };
		D2A17B12FB7ABE4F1DAAB57C /* Pods-Weather-App.release.xcconfig */ = {isa = PBXFileReference; includeInIndex = 1; lastKnownFileType = text.xcconfig; name = "Pods-Weather-App.release.xcconfig"; path = "Target Support Files/Pods-Weather-App/Pods-Weather-App.release.xcconfig"; sourceTree = "<group>"; };
		EBDFCFBB9F626524AA6591CC /* Pods-Weather-AppTests.debug.xcconfig */ = {isa = PBXFileReference; includeInIndex = 1; lastKnownFileType = text.xcconfig; name = "Pods-Weather-AppTests.debug.xcconfig"; path = "Target Support Files/Pods-Weather-AppTests/Pods-Weather-AppTests.debug.xcconfig"; sourceTree = "<group>"; };
/* End PBXFileReference section */

/* Begin PBXFrameworksBuildPhase section */
		A71CBBE22A2A13C500F33B6E /* Frameworks */ = {
			isa = PBXFrameworksBuildPhase;
			buildActionMask = 2147483647;
			files = (
				20EA561403296E2A4973E6FF /* Pods_Weather_App.framework in Frameworks */,
			);
			runOnlyForDeploymentPostprocessing = 0;
		};
		A71CBBF32A2A13C600F33B6E /* Frameworks */ = {
			isa = PBXFrameworksBuildPhase;
			buildActionMask = 2147483647;
			files = (
				C58529433086A661D066E222 /* Pods_Weather_AppTests.framework in Frameworks */,
			);
			runOnlyForDeploymentPostprocessing = 0;
		};
		A71CBBFD2A2A13C600F33B6E /* Frameworks */ = {
			isa = PBXFrameworksBuildPhase;
			buildActionMask = 2147483647;
			files = (
				B09D491287E5D03BA84DFC27 /* Pods_Weather_App_Weather_AppUITests.framework in Frameworks */,
			);
			runOnlyForDeploymentPostprocessing = 0;
		};
/* End PBXFrameworksBuildPhase section */

/* Begin PBXGroup section */
		7FDBA9A098DFF277AB489AAE /* Pods */ = {
			isa = PBXGroup;
			children = (
				CFD8F232BFF0DAFB4CD1711B /* Pods-Weather-App.debug.xcconfig */,
				D2A17B12FB7ABE4F1DAAB57C /* Pods-Weather-App.release.xcconfig */,
				437C45D591F75040A14A91A4 /* Pods-Weather-App-Weather-AppUITests.debug.xcconfig */,
				296D57321A6D70F7B1257042 /* Pods-Weather-App-Weather-AppUITests.release.xcconfig */,
				EBDFCFBB9F626524AA6591CC /* Pods-Weather-AppTests.debug.xcconfig */,
				5CB7A0103FB8952B1A021223 /* Pods-Weather-AppTests.release.xcconfig */,
			);
			path = Pods;
			sourceTree = "<group>";
		};
		A71CBBDC2A2A13C500F33B6E = {
			isa = PBXGroup;
			children = (
				A71CBBE72A2A13C500F33B6E /* Weather-App */,
				A71CBBF92A2A13C600F33B6E /* Weather-AppTests */,
				A71CBC032A2A13C600F33B6E /* Weather-AppUITests */,
				A71CBBE62A2A13C500F33B6E /* Products */,
				7FDBA9A098DFF277AB489AAE /* Pods */,
				E4D2EB845D8409BA9B93ED28 /* Frameworks */,
			);
			sourceTree = "<group>";
		};
		A71CBBE62A2A13C500F33B6E /* Products */ = {
			isa = PBXGroup;
			children = (
				A71CBBE52A2A13C500F33B6E /* Weather-App.app */,
				A71CBBF62A2A13C600F33B6E /* Weather-AppTests.xctest */,
				A71CBC002A2A13C600F33B6E /* Weather-AppUITests.xctest */,
			);
			name = Products;
			sourceTree = "<group>";
		};
		A71CBBE72A2A13C500F33B6E /* Weather-App */ = {
			isa = PBXGroup;
			children = (
				A71324B32A2CF44100EDD779 /* Info.plist */,
				A71CBBE82A2A13C500F33B6E /* Weather_AppApp.swift */,
				A71CBBEA2A2A13C500F33B6E /* ContentView.swift */,
				A71CBBEC2A2A13C600F33B6E /* Assets.xcassets */,
				A71CBBEE2A2A13C600F33B6E /* Weather_App.entitlements */,
				A71CBBEF2A2A13C600F33B6E /* Preview Content */,
			);
			path = "Weather-App";
			sourceTree = "<group>";
		};
		A71CBBEF2A2A13C600F33B6E /* Preview Content */ = {
			isa = PBXGroup;
			children = (
				A71CBBF02A2A13C600F33B6E /* Preview Assets.xcassets */,
			);
			path = "Preview Content";
			sourceTree = "<group>";
		};
		A71CBBF92A2A13C600F33B6E /* Weather-AppTests */ = {
			isa = PBXGroup;
			children = (
				A71CBBFA2A2A13C600F33B6E /* Weather_AppTests.swift */,
			);
			path = "Weather-AppTests";
			sourceTree = "<group>";
		};
		A71CBC032A2A13C600F33B6E /* Weather-AppUITests */ = {
			isa = PBXGroup;
			children = (
				A71CBC042A2A13C600F33B6E /* Weather_AppUITests.swift */,
				A71CBC062A2A13C600F33B6E /* Weather_AppUITestsLaunchTests.swift */,
			);
			path = "Weather-AppUITests";
			sourceTree = "<group>";
		};
		E4D2EB845D8409BA9B93ED28 /* Frameworks */ = {
			isa = PBXGroup;
			children = (
				CD720DF42D049EC1DA027150 /* Pods_Weather_App.framework */,
				64C4C21F1E1DF239864C119E /* Pods_Weather_App_Weather_AppUITests.framework */,
				4EABF3AC2183C9C410807AC6 /* Pods_Weather_AppTests.framework */,
			);
			name = Frameworks;
			sourceTree = "<group>";
		};
/* End PBXGroup section */

/* Begin PBXNativeTarget section */
		A71CBBE42A2A13C500F33B6E /* Weather-App */ = {
			isa = PBXNativeTarget;
			buildConfigurationList = A71CBC0A2A2A13C600F33B6E /* Build configuration list for PBXNativeTarget "Weather-App" */;
			buildPhases = (
				90ADDD559B4A0BCA492E5491 /* [CP] Check Pods Manifest.lock */,
				A71CBBE12A2A13C500F33B6E /* Sources */,
				A71CBBE22A2A13C500F33B6E /* Frameworks */,
				A71CBBE32A2A13C500F33B6E /* Resources */,
			);
			buildRules = (
			);
			dependencies = (
			);
			name = "Weather-App";
			productName = "Weather-App";
			productReference = A71CBBE52A2A13C500F33B6E /* Weather-App.app */;
			productType = "com.apple.product-type.application";
		};
		A71CBBF52A2A13C600F33B6E /* Weather-AppTests */ = {
			isa = PBXNativeTarget;
			buildConfigurationList = A71CBC0D2A2A13C600F33B6E /* Build configuration list for PBXNativeTarget "Weather-AppTests" */;
			buildPhases = (
				34FAEAA1671E2299E33DE99F /* [CP] Check Pods Manifest.lock */,
				A71CBBF22A2A13C600F33B6E /* Sources */,
				A71CBBF32A2A13C600F33B6E /* Frameworks */,
				A71CBBF42A2A13C600F33B6E /* Resources */,
			);
			buildRules = (
			);
			dependencies = (
				A71CBBF82A2A13C600F33B6E /* PBXTargetDependency */,
			);
			name = "Weather-AppTests";
			productName = "Weather-AppTests";
			productReference = A71CBBF62A2A13C600F33B6E /* Weather-AppTests.xctest */;
			productType = "com.apple.product-type.bundle.unit-test";
		};
		A71CBBFF2A2A13C600F33B6E /* Weather-AppUITests */ = {
			isa = PBXNativeTarget;
			buildConfigurationList = A71CBC102A2A13C600F33B6E /* Build configuration list for PBXNativeTarget "Weather-AppUITests" */;
			buildPhases = (
				87D305422FD52A2F13C3BED1 /* [CP] Check Pods Manifest.lock */,
				A71CBBFC2A2A13C600F33B6E /* Sources */,
				A71CBBFD2A2A13C600F33B6E /* Frameworks */,
				A71CBBFE2A2A13C600F33B6E /* Resources */,
			);
			buildRules = (
			);
			dependencies = (
				A71CBC022A2A13C600F33B6E /* PBXTargetDependency */,
			);
			name = "Weather-AppUITests";
			productName = "Weather-AppUITests";
			productReference = A71CBC002A2A13C600F33B6E /* Weather-AppUITests.xctest */;
			productType = "com.apple.product-type.bundle.ui-testing";
		};
/* End PBXNativeTarget section */

/* Begin PBXProject section */
		A71CBBDD2A2A13C500F33B6E /* Project object */ = {
			isa = PBXProject;
			attributes = {
				BuildIndependentTargetsInParallel = 1;
				LastSwiftUpdateCheck = 1430;
				LastUpgradeCheck = 1430;
				TargetAttributes = {
					A71CBBE42A2A13C500F33B6E = {
						CreatedOnToolsVersion = 14.3;
					};
					A71CBBF52A2A13C600F33B6E = {
						CreatedOnToolsVersion = 14.3;
						TestTargetID = A71CBBE42A2A13C500F33B6E;
					};
					A71CBBFF2A2A13C600F33B6E = {
						CreatedOnToolsVersion = 14.3;
						TestTargetID = A71CBBE42A2A13C500F33B6E;
					};
				};
			};
			buildConfigurationList = A71CBBE02A2A13C500F33B6E /* Build configuration list for PBXProject "Weather-App" */;
			compatibilityVersion = "Xcode 14.0";
			developmentRegion = en;
			hasScannedForEncodings = 0;
			knownRegions = (
				en,
				Base,
			);
			mainGroup = A71CBBDC2A2A13C500F33B6E;
			productRefGroup = A71CBBE62A2A13C500F33B6E /* Products */;
			projectDirPath = "";
			projectRoot = "";
			targets = (
				A71CBBE42A2A13C500F33B6E /* Weather-App */,
				A71CBBF52A2A13C600F33B6E /* Weather-AppTests */,
				A71CBBFF2A2A13C600F33B6E /* Weather-AppUITests */,
			);
		};
/* End PBXProject section */

/* Begin PBXResourcesBuildPhase section */
		A71CBBE32A2A13C500F33B6E /* Resources */ = {
			isa = PBXResourcesBuildPhase;
			buildActionMask = 2147483647;
			files = (
				A71CBBF12A2A13C600F33B6E /* Preview Assets.xcassets in Resources */,
				A71CBBED2A2A13C600F33B6E /* Assets.xcassets in Resources */,
			);
			runOnlyForDeploymentPostprocessing = 0;
		};
		A71CBBF42A2A13C600F33B6E /* Resources */ = {
			isa = PBXResourcesBuildPhase;
			buildActionMask = 2147483647;
			files = (
			);
			runOnlyForDeploymentPostprocessing = 0;
		};
		A71CBBFE2A2A13C600F33B6E /* Resources */ = {
			isa = PBXResourcesBuildPhase;
			buildActionMask = 2147483647;
			files = (
			);
			runOnlyForDeploymentPostprocessing = 0;
		};
/* End PBXResourcesBuildPhase section */

/* Begin PBXShellScriptBuildPhase section */
		34FAEAA1671E2299E33DE99F /* [CP] Check Pods Manifest.lock */ = {
			isa = PBXShellScriptBuildPhase;
			buildActionMask = 2147483647;
			files = (
			);
			inputFileListPaths = (
			);
			inputPaths = (
				"${PODS_PODFILE_DIR_PATH}/Podfile.lock",
				"${PODS_ROOT}/Manifest.lock",
			);
			name = "[CP] Check Pods Manifest.lock";
			outputFileListPaths = (
			);
			outputPaths = (
				"$(DERIVED_FILE_DIR)/Pods-Weather-AppTests-checkManifestLockResult.txt",
			);
			runOnlyForDeploymentPostprocessing = 0;
			shellPath = /bin/sh;
			shellScript = "diff \"${PODS_PODFILE_DIR_PATH}/Podfile.lock\" \"${PODS_ROOT}/Manifest.lock\" > /dev/null\nif [ $? != 0 ] ; then\n    # print error to STDERR\n    echo \"error: The sandbox is not in sync with the Podfile.lock. Run 'pod install' or update your CocoaPods installation.\" >&2\n    exit 1\nfi\n# This output is used by Xcode 'outputs' to avoid re-running this script phase.\necho \"SUCCESS\" > \"${SCRIPT_OUTPUT_FILE_0}\"\n";
			showEnvVarsInLog = 0;
		};
		87D305422FD52A2F13C3BED1 /* [CP] Check Pods Manifest.lock */ = {
			isa = PBXShellScriptBuildPhase;
			buildActionMask = 2147483647;
			files = (
			);
			inputFileListPaths = (
			);
			inputPaths = (
				"${PODS_PODFILE_DIR_PATH}/Podfile.lock",
				"${PODS_ROOT}/Manifest.lock",
			);
			name = "[CP] Check Pods Manifest.lock";
			outputFileListPaths = (
			);
			outputPaths = (
				"$(DERIVED_FILE_DIR)/Pods-Weather-App-Weather-AppUITests-checkManifestLockResult.txt",
			);
			runOnlyForDeploymentPostprocessing = 0;
			shellPath = /bin/sh;
			shellScript = "diff \"${PODS_PODFILE_DIR_PATH}/Podfile.lock\" \"${PODS_ROOT}/Manifest.lock\" > /dev/null\nif [ $? != 0 ] ; then\n    # print error to STDERR\n    echo \"error: The sandbox is not in sync with the Podfile.lock. Run 'pod install' or update your CocoaPods installation.\" >&2\n    exit 1\nfi\n# This output is used by Xcode 'outputs' to avoid re-running this script phase.\necho \"SUCCESS\" > \"${SCRIPT_OUTPUT_FILE_0}\"\n";
			showEnvVarsInLog = 0;
		};
		90ADDD559B4A0BCA492E5491 /* [CP] Check Pods Manifest.lock */ = {
			isa = PBXShellScriptBuildPhase;
			buildActionMask = 2147483647;
			files = (
			);
			inputFileListPaths = (
			);
			inputPaths = (
				"${PODS_PODFILE_DIR_PATH}/Podfile.lock",
				"${PODS_ROOT}/Manifest.lock",
			);
			name = "[CP] Check Pods Manifest.lock";
			outputFileListPaths = (
			);
			outputPaths = (
				"$(DERIVED_FILE_DIR)/Pods-Weather-App-checkManifestLockResult.txt",
			);
			runOnlyForDeploymentPostprocessing = 0;
			shellPath = /bin/sh;
			shellScript = "diff \"${PODS_PODFILE_DIR_PATH}/Podfile.lock\" \"${PODS_ROOT}/Manifest.lock\" > /dev/null\nif [ $? != 0 ] ; then\n    # print error to STDERR\n    echo \"error: The sandbox is not in sync with the Podfile.lock. Run 'pod install' or update your CocoaPods installation.\" >&2\n    exit 1\nfi\n# This output is used by Xcode 'outputs' to avoid re-running this script phase.\necho \"SUCCESS\" > \"${SCRIPT_OUTPUT_FILE_0}\"\n";
			showEnvVarsInLog = 0;
		};
/* End PBXShellScriptBuildPhase section */

/* Begin PBXSourcesBuildPhase section */
		A71CBBE12A2A13C500F33B6E /* Sources */ = {
			isa = PBXSourcesBuildPhase;
			buildActionMask = 2147483647;
			files = (
				A71CBBEB2A2A13C500F33B6E /* ContentView.swift in Sources */,
				A71CBBE92A2A13C500F33B6E /* Weather_AppApp.swift in Sources */,
			);
			runOnlyForDeploymentPostprocessing = 0;
		};
		A71CBBF22A2A13C600F33B6E /* Sources */ = {
			isa = PBXSourcesBuildPhase;
			buildActionMask = 2147483647;
			files = (
				A71CBBFB2A2A13C600F33B6E /* Weather_AppTests.swift in Sources */,
			);
			runOnlyForDeploymentPostprocessing = 0;
		};
		A71CBBFC2A2A13C600F33B6E /* Sources */ = {
			isa = PBXSourcesBuildPhase;
			buildActionMask = 2147483647;
			files = (
				A71CBC052A2A13C600F33B6E /* Weather_AppUITests.swift in Sources */,
				A71CBC072A2A13C600F33B6E /* Weather_AppUITestsLaunchTests.swift in Sources */,
			);
			runOnlyForDeploymentPostprocessing = 0;
		};
/* End PBXSourcesBuildPhase section */

/* Begin PBXTargetDependency section */
		A71CBBF82A2A13C600F33B6E /* PBXTargetDependency */ = {
			isa = PBXTargetDependency;
			target = A71CBBE42A2A13C500F33B6E /* Weather-App */;
			targetProxy = A71CBBF72A2A13C600F33B6E /* PBXContainerItemProxy */;
		};
		A71CBC022A2A13C600F33B6E /* PBXTargetDependency */ = {
			isa = PBXTargetDependency;
			target = A71CBBE42A2A13C500F33B6E /* Weather-App */;
			targetProxy = A71CBC012A2A13C600F33B6E /* PBXContainerItemProxy */;
		};
/* End PBXTargetDependency section */

/* Begin XCBuildConfiguration section */
		A71CBC082A2A13C600F33B6E /* Debug */ = {
			isa = XCBuildConfiguration;
			buildSettings = {
				ALWAYS_SEARCH_USER_PATHS = NO;
				CLANG_ANALYZER_NONNULL = YES;
				CLANG_ANALYZER_NUMBER_OBJECT_CONVERSION = YES_AGGRESSIVE;
				CLANG_CXX_LANGUAGE_STANDARD = "gnu++20";
				CLANG_ENABLE_MODULES = YES;
				CLANG_ENABLE_OBJC_ARC = YES;
				CLANG_ENABLE_OBJC_WEAK = YES;
				CLANG_WARN_BLOCK_CAPTURE_AUTORELEASING = YES;
				CLANG_WARN_BOOL_CONVERSION = YES;
				CLANG_WARN_COMMA = YES;
				CLANG_WARN_CONSTANT_CONVERSION = YES;
				CLANG_WARN_DEPRECATED_OBJC_IMPLEMENTATIONS = YES;
				CLANG_WARN_DIRECT_OBJC_ISA_USAGE = YES_ERROR;
				CLANG_WARN_DOCUMENTATION_COMMENTS = YES;
				CLANG_WARN_EMPTY_BODY = YES;
				CLANG_WARN_ENUM_CONVERSION = YES;
				CLANG_WARN_INFINITE_RECURSION = YES;
				CLANG_WARN_INT_CONVERSION = YES;
				CLANG_WARN_NON_LITERAL_NULL_CONVERSION = YES;
				CLANG_WARN_OBJC_IMPLICIT_RETAIN_SELF = YES;
				CLANG_WARN_OBJC_LITERAL_CONVERSION = YES;
				CLANG_WARN_OBJC_ROOT_CLASS = YES_ERROR;
				CLANG_WARN_QUOTED_INCLUDE_IN_FRAMEWORK_HEADER = YES;
				CLANG_WARN_RANGE_LOOP_ANALYSIS = YES;
				CLANG_WARN_STRICT_PROTOTYPES = YES;
				CLANG_WARN_SUSPICIOUS_MOVE = YES;
				CLANG_WARN_UNGUARDED_AVAILABILITY = YES_AGGRESSIVE;
				CLANG_WARN_UNREACHABLE_CODE = YES;
				CLANG_WARN__DUPLICATE_METHOD_MATCH = YES;
				COPY_PHASE_STRIP = NO;
				DEBUG_INFORMATION_FORMAT = dwarf;
				ENABLE_STRICT_OBJC_MSGSEND = YES;
				ENABLE_TESTABILITY = YES;
				GCC_C_LANGUAGE_STANDARD = gnu11;
				GCC_DYNAMIC_NO_PIC = NO;
				GCC_NO_COMMON_BLOCKS = YES;
				GCC_OPTIMIZATION_LEVEL = 0;
				GCC_PREPROCESSOR_DEFINITIONS = (
					"DEBUG=1",
					"$(inherited)",
				);
				GCC_WARN_64_TO_32_BIT_CONVERSION = YES;
				GCC_WARN_ABOUT_RETURN_TYPE = YES_ERROR;
				GCC_WARN_UNDECLARED_SELECTOR = YES;
				GCC_WARN_UNINITIALIZED_AUTOS = YES_AGGRESSIVE;
				GCC_WARN_UNUSED_FUNCTION = YES;
				GCC_WARN_UNUSED_VARIABLE = YES;
				MTL_ENABLE_DEBUG_INFO = INCLUDE_SOURCE;
				MTL_FAST_MATH = YES;
				ONLY_ACTIVE_ARCH = YES;
				SWIFT_ACTIVE_COMPILATION_CONDITIONS = DEBUG;
				SWIFT_OPTIMIZATION_LEVEL = "-Onone";
			};
			name = Debug;
		};
		A71CBC092A2A13C600F33B6E /* Release */ = {
			isa = XCBuildConfiguration;
			buildSettings = {
				ALWAYS_SEARCH_USER_PATHS = NO;
				CLANG_ANALYZER_NONNULL = YES;
				CLANG_ANALYZER_NUMBER_OBJECT_CONVERSION = YES_AGGRESSIVE;
				CLANG_CXX_LANGUAGE_STANDARD = "gnu++20";
				CLANG_ENABLE_MODULES = YES;
				CLANG_ENABLE_OBJC_ARC = YES;
				CLANG_ENABLE_OBJC_WEAK = YES;
				CLANG_WARN_BLOCK_CAPTURE_AUTORELEASING = YES;
				CLANG_WARN_BOOL_CONVERSION = YES;
				CLANG_WARN_COMMA = YES;
				CLANG_WARN_CONSTANT_CONVERSION = YES;
				CLANG_WARN_DEPRECATED_OBJC_IMPLEMENTATIONS = YES;
				CLANG_WARN_DIRECT_OBJC_ISA_USAGE = YES_ERROR;
				CLANG_WARN_DOCUMENTATION_COMMENTS = YES;
				CLANG_WARN_EMPTY_BODY = YES;
				CLANG_WARN_ENUM_CONVERSION = YES;
				CLANG_WARN_INFINITE_RECURSION = YES;
				CLANG_WARN_INT_CONVERSION = YES;
				CLANG_WARN_NON_LITERAL_NULL_CONVERSION = YES;
				CLANG_WARN_OBJC_IMPLICIT_RETAIN_SELF = YES;
				CLANG_WARN_OBJC_LITERAL_CONVERSION = YES;
				CLANG_WARN_OBJC_ROOT_CLASS = YES_ERROR;
				CLANG_WARN_QUOTED_INCLUDE_IN_FRAMEWORK_HEADER = YES;
				CLANG_WARN_RANGE_LOOP_ANALYSIS = YES;
				CLANG_WARN_STRICT_PROTOTYPES = YES;
				CLANG_WARN_SUSPICIOUS_MOVE = YES;
				CLANG_WARN_UNGUARDED_AVAILABILITY = YES_AGGRESSIVE;
				CLANG_WARN_UNREACHABLE_CODE = YES;
				CLANG_WARN__DUPLICATE_METHOD_MATCH = YES;
				COPY_PHASE_STRIP = NO;
				DEBUG_INFORMATION_FORMAT = "dwarf-with-dsym";
				ENABLE_NS_ASSERTIONS = NO;
				ENABLE_STRICT_OBJC_MSGSEND = YES;
				GCC_C_LANGUAGE_STANDARD = gnu11;
				GCC_NO_COMMON_BLOCKS = YES;
				GCC_WARN_64_TO_32_BIT_CONVERSION = YES;
				GCC_WARN_ABOUT_RETURN_TYPE = YES_ERROR;
				GCC_WARN_UNDECLARED_SELECTOR = YES;
				GCC_WARN_UNINITIALIZED_AUTOS = YES_AGGRESSIVE;
				GCC_WARN_UNUSED_FUNCTION = YES;
				GCC_WARN_UNUSED_VARIABLE = YES;
				MTL_ENABLE_DEBUG_INFO = NO;
				MTL_FAST_MATH = YES;
				SWIFT_COMPILATION_MODE = wholemodule;
				SWIFT_OPTIMIZATION_LEVEL = "-O";
			};
			name = Release;
		};
		A71CBC0B2A2A13C600F33B6E /* Debug */ = {
			isa = XCBuildConfiguration;
			baseConfigurationReference = CFD8F232BFF0DAFB4CD1711B /* Pods-Weather-App.debug.xcconfig */;
			buildSettings = {
				ASSETCATALOG_COMPILER_APPICON_NAME = AppIcon;
				ASSETCATALOG_COMPILER_GLOBAL_ACCENT_COLOR_NAME = AccentColor;
				CODE_SIGN_ENTITLEMENTS = "Weather-App/Weather_App.entitlements";
				CODE_SIGN_STYLE = Automatic;
				CURRENT_PROJECT_VERSION = 1;
				DEVELOPMENT_ASSET_PATHS = "\"Weather-App/Preview Content\"";
				DEVELOPMENT_TEAM = 8567B7Q6H6;
				ENABLE_HARDENED_RUNTIME = YES;
				ENABLE_PREVIEWS = YES;
				GENERATE_INFOPLIST_FILE = YES;
				INFOPLIST_FILE = "Weather-App/Info.plist";
				"INFOPLIST_KEY_UIApplicationSceneManifest_Generation[sdk=iphoneos*]" = YES;
				"INFOPLIST_KEY_UIApplicationSceneManifest_Generation[sdk=iphonesimulator*]" = YES;
				"INFOPLIST_KEY_UIApplicationSupportsIndirectInputEvents[sdk=iphoneos*]" = YES;
				"INFOPLIST_KEY_UIApplicationSupportsIndirectInputEvents[sdk=iphonesimulator*]" = YES;
				"INFOPLIST_KEY_UILaunchScreen_Generation[sdk=iphoneos*]" = YES;
				"INFOPLIST_KEY_UILaunchScreen_Generation[sdk=iphonesimulator*]" = YES;
				"INFOPLIST_KEY_UIStatusBarStyle[sdk=iphoneos*]" = UIStatusBarStyleDefault;
				"INFOPLIST_KEY_UIStatusBarStyle[sdk=iphonesimulator*]" = UIStatusBarStyleDefault;
				INFOPLIST_KEY_UISupportedInterfaceOrientations_iPad = "UIInterfaceOrientationPortrait UIInterfaceOrientationPortraitUpsideDown UIInterfaceOrientationLandscapeLeft UIInterfaceOrientationLandscapeRight";
				INFOPLIST_KEY_UISupportedInterfaceOrientations_iPhone = "UIInterfaceOrientationPortrait UIInterfaceOrientationLandscapeLeft UIInterfaceOrientationLandscapeRight";
				IPHONEOS_DEPLOYMENT_TARGET = 14.0;
				LD_RUNPATH_SEARCH_PATHS = "@executable_path/Frameworks";
				"LD_RUNPATH_SEARCH_PATHS[sdk=macosx*]" = "@executable_path/../Frameworks";
				MACOSX_DEPLOYMENT_TARGET = 13.0;
				MARKETING_VERSION = 1.0;
				PRODUCT_BUNDLE_IDENTIFIER = "DannerTech.Weather-App";
				PRODUCT_NAME = "$(TARGET_NAME)";
				SDKROOT = auto;
				SUPPORTED_PLATFORMS = "iphoneos iphonesimulator macosx";
				SWIFT_EMIT_LOC_STRINGS = YES;
				SWIFT_VERSION = 5.0;
				TARGETED_DEVICE_FAMILY = "1,2";
			};
			name = Debug;
		};
		A71CBC0C2A2A13C600F33B6E /* Release */ = {
			isa = XCBuildConfiguration;
			baseConfigurationReference = D2A17B12FB7ABE4F1DAAB57C /* Pods-Weather-App.release.xcconfig */;
			buildSettings = {
				ASSETCATALOG_COMPILER_APPICON_NAME = AppIcon;
				ASSETCATALOG_COMPILER_GLOBAL_ACCENT_COLOR_NAME = AccentColor;
				CODE_SIGN_ENTITLEMENTS = "Weather-App/Weather_App.entitlements";
				CODE_SIGN_STYLE = Automatic;
				CURRENT_PROJECT_VERSION = 1;
				DEVELOPMENT_ASSET_PATHS = "\"Weather-App/Preview Content\"";
				DEVELOPMENT_TEAM = 8567B7Q6H6;
				ENABLE_HARDENED_RUNTIME = YES;
				ENABLE_PREVIEWS = YES;
				GENERATE_INFOPLIST_FILE = YES;
				INFOPLIST_FILE = "Weather-App/Info.plist";
				"INFOPLIST_KEY_UIApplicationSceneManifest_Generation[sdk=iphoneos*]" = YES;
				"INFOPLIST_KEY_UIApplicationSceneManifest_Generation[sdk=iphonesimulator*]" = YES;
				"INFOPLIST_KEY_UIApplicationSupportsIndirectInputEvents[sdk=iphoneos*]" = YES;
				"INFOPLIST_KEY_UIApplicationSupportsIndirectInputEvents[sdk=iphonesimulator*]" = YES;
				"INFOPLIST_KEY_UILaunchScreen_Generation[sdk=iphoneos*]" = YES;
				"INFOPLIST_KEY_UILaunchScreen_Generation[sdk=iphonesimulator*]" = YES;
				"INFOPLIST_KEY_UIStatusBarStyle[sdk=iphoneos*]" = UIStatusBarStyleDefault;
				"INFOPLIST_KEY_UIStatusBarStyle[sdk=iphonesimulator*]" = UIStatusBarStyleDefault;
				INFOPLIST_KEY_UISupportedInterfaceOrientations_iPad = "UIInterfaceOrientationPortrait UIInterfaceOrientationPortraitUpsideDown UIInterfaceOrientationLandscapeLeft UIInterfaceOrientationLandscapeRight";
				INFOPLIST_KEY_UISupportedInterfaceOrientations_iPhone = "UIInterfaceOrientationPortrait UIInterfaceOrientationLandscapeLeft UIInterfaceOrientationLandscapeRight";
				IPHONEOS_DEPLOYMENT_TARGET = 14.0;
				LD_RUNPATH_SEARCH_PATHS = "@executable_path/Frameworks";
				"LD_RUNPATH_SEARCH_PATHS[sdk=macosx*]" = "@executable_path/../Frameworks";
				MACOSX_DEPLOYMENT_TARGET = 13.0;
				MARKETING_VERSION = 1.0;
				PRODUCT_BUNDLE_IDENTIFIER = "DannerTech.Weather-App";
				PRODUCT_NAME = "$(TARGET_NAME)";
				SDKROOT = auto;
				SUPPORTED_PLATFORMS = "iphoneos iphonesimulator macosx";
				SWIFT_EMIT_LOC_STRINGS = YES;
				SWIFT_VERSION = 5.0;
				TARGETED_DEVICE_FAMILY = "1,2";
			};
			name = Release;
		};
		A71CBC0E2A2A13C600F33B6E /* Debug */ = {
			isa = XCBuildConfiguration;
			baseConfigurationReference = EBDFCFBB9F626524AA6591CC /* Pods-Weather-AppTests.debug.xcconfig */;
			buildSettings = {
				ALWAYS_EMBED_SWIFT_STANDARD_LIBRARIES = YES;
				BUNDLE_LOADER = "$(TEST_HOST)";
				CODE_SIGN_STYLE = Automatic;
				CURRENT_PROJECT_VERSION = 1;
				DEVELOPMENT_TEAM = 8567B7Q6H6;
				GENERATE_INFOPLIST_FILE = YES;
				IPHONEOS_DEPLOYMENT_TARGET = 16.4;
				MACOSX_DEPLOYMENT_TARGET = 13.0;
				MARKETING_VERSION = 1.0;
				PRODUCT_BUNDLE_IDENTIFIER = "DannerTech.Weather-AppTests";
				PRODUCT_NAME = "$(TARGET_NAME)";
				SDKROOT = auto;
				SUPPORTED_PLATFORMS = "iphoneos iphonesimulator macosx";
				SWIFT_EMIT_LOC_STRINGS = NO;
				SWIFT_VERSION = 5.0;
				TARGETED_DEVICE_FAMILY = "1,2";
				TEST_HOST = "$(BUILT_PRODUCTS_DIR)/Weather-App.app/$(BUNDLE_EXECUTABLE_FOLDER_PATH)/Weather-App";
			};
			name = Debug;
		};
		A71CBC0F2A2A13C600F33B6E /* Release */ = {
			isa = XCBuildConfiguration;
			baseConfigurationReference = 5CB7A0103FB8952B1A021223 /* Pods-Weather-AppTests.release.xcconfig */;
			buildSettings = {
				ALWAYS_EMBED_SWIFT_STANDARD_LIBRARIES = YES;
				BUNDLE_LOADER = "$(TEST_HOST)";
				CODE_SIGN_STYLE = Automatic;
				CURRENT_PROJECT_VERSION = 1;
				DEVELOPMENT_TEAM = 8567B7Q6H6;
				GENERATE_INFOPLIST_FILE = YES;
				IPHONEOS_DEPLOYMENT_TARGET = 16.4;
				MACOSX_DEPLOYMENT_TARGET = 13.0;
				MARKETING_VERSION = 1.0;
				PRODUCT_BUNDLE_IDENTIFIER = "DannerTech.Weather-AppTests";
				PRODUCT_NAME = "$(TARGET_NAME)";
				SDKROOT = auto;
				SUPPORTED_PLATFORMS = "iphoneos iphonesimulator macosx";
				SWIFT_EMIT_LOC_STRINGS = NO;
				SWIFT_VERSION = 5.0;
				TARGETED_DEVICE_FAMILY = "1,2";
				TEST_HOST = "$(BUILT_PRODUCTS_DIR)/Weather-App.app/$(BUNDLE_EXECUTABLE_FOLDER_PATH)/Weather-App";
			};
			name = Release;
		};
		A71CBC112A2A13C600F33B6E /* Debug */ = {
			isa = XCBuildConfiguration;
			baseConfigurationReference = 437C45D591F75040A14A91A4 /* Pods-Weather-App-Weather-AppUITests.debug.xcconfig */;
			buildSettings = {
				ALWAYS_EMBED_SWIFT_STANDARD_LIBRARIES = YES;
				CODE_SIGN_STYLE = Automatic;
				CURRENT_PROJECT_VERSION = 1;
				DEVELOPMENT_TEAM = 8567B7Q6H6;
				GENERATE_INFOPLIST_FILE = YES;
				IPHONEOS_DEPLOYMENT_TARGET = 16.4;
				MACOSX_DEPLOYMENT_TARGET = 13.0;
				MARKETING_VERSION = 1.0;
				PRODUCT_BUNDLE_IDENTIFIER = "DannerTech.Weather-AppUITests";
				PRODUCT_NAME = "$(TARGET_NAME)";
				SDKROOT = auto;
				SUPPORTED_PLATFORMS = "iphoneos iphonesimulator macosx";
				SWIFT_EMIT_LOC_STRINGS = NO;
				SWIFT_VERSION = 5.0;
				TARGETED_DEVICE_FAMILY = "1,2";
				TEST_TARGET_NAME = "Weather-App";
			};
			name = Debug;
		};
		A71CBC122A2A13C600F33B6E /* Release */ = {
			isa = XCBuildConfiguration;
			baseConfigurationReference = 296D57321A6D70F7B1257042 /* Pods-Weather-App-Weather-AppUITests.release.xcconfig */;
			buildSettings = {
				ALWAYS_EMBED_SWIFT_STANDARD_LIBRARIES = YES;
				CODE_SIGN_STYLE = Automatic;
				CURRENT_PROJECT_VERSION = 1;
				DEVELOPMENT_TEAM = 8567B7Q6H6;
				GENERATE_INFOPLIST_FILE = YES;
				IPHONEOS_DEPLOYMENT_TARGET = 16.4;
				MACOSX_DEPLOYMENT_TARGET = 13.0;
				MARKETING_VERSION = 1.0;
				PRODUCT_BUNDLE_IDENTIFIER = "DannerTech.Weather-AppUITests";
				PRODUCT_NAME = "$(TARGET_NAME)";
				SDKROOT = auto;
				SUPPORTED_PLATFORMS = "iphoneos iphonesimulator macosx";
				SWIFT_EMIT_LOC_STRINGS = NO;
				SWIFT_VERSION = 5.0;
				TARGETED_DEVICE_FAMILY = "1,2";
				TEST_TARGET_NAME = "Weather-App";
			};
			name = Release;
		};
/* End XCBuildConfiguration section */

/* Begin XCConfigurationList section */
		A71CBBE02A2A13C500F33B6E /* Build configuration list for PBXProject "Weather-App" */ = {
			isa = XCConfigurationList;
			buildConfigurations = (
				A71CBC082A2A13C600F33B6E /* Debug */,
				A71CBC092A2A13C600F33B6E /* Release */,
			);
			defaultConfigurationIsVisible = 0;
			defaultConfigurationName = Release;
		};
		A71CBC0A2A2A13C600F33B6E /* Build configuration list for PBXNativeTarget "Weather-App" */ = {
			isa = XCConfigurationList;
			buildConfigurations = (
				A71CBC0B2A2A13C600F33B6E /* Debug */,
				A71CBC0C2A2A13C600F33B6E /* Release */,
			);
			defaultConfigurationIsVisible = 0;
			defaultConfigurationName = Release;
		};
		A71CBC0D2A2A13C600F33B6E /* Build configuration list for PBXNativeTarget "Weather-AppTests" */ = {
			isa = XCConfigurationList;
			buildConfigurations = (
				A71CBC0E2A2A13C600F33B6E /* Debug */,
				A71CBC0F2A2A13C600F33B6E /* Release */,
			);
			defaultConfigurationIsVisible = 0;
			defaultConfigurationName = Release;
		};
		A71CBC102A2A13C600F33B6E /* Build configuration list for PBXNativeTarget "Weather-AppUITests" */ = {
			isa = XCConfigurationList;
			buildConfigurations = (
				A71CBC112A2A13C600F33B6E /* Debug */,
				A71CBC122A2A13C600F33B6E /* Release */,
			);
			defaultConfigurationIsVisible = 0;
			defaultConfigurationName = Release;
		};
/* End XCConfigurationList section */
	};
	rootObject = A71CBBDD2A2A13C500F33B6E /* Project object */;
}
